
Microsoft Visual Studio Solution File, Format Version 12.00
# Visual Studio Version 17
VisualStudioVersion = 17.0.31919.166
MinimumVisualStudioVersion = 10.0.40219.1
Project("{FAE04EC0-301F-11D3-BF4B-00C04F79EFBC}") = "DemoWebCoreApp", "DemoWebCoreApp\DemoWebCoreApp.csproj", "{D96FF701-38C9-4113-A162-79AA598D225C}"
EndProject
Global
	GlobalSection(SolutionConfigurationPlatforms) = preSolution
		Debug|Any CPU = Debug|Any CPU
		Release|Any CPU = Release|Any CPU
	EndGlobalSection
	GlobalSection(ProjectConfigurationPlatforms) = postSolution
		{D96FF701-38C9-4113-A162-79AA598D225C}.Debug|Any CPU.ActiveCfg = Debug|Any CPU
		{D96FF701-38C9-4113-A162-79AA598D225C}.Debug|Any CPU.Build.0 = Debug|Any CPU
		{D96FF701-38C9-4113-A162-79AA598D225C}.Release|Any CPU.ActiveCfg = Release|Any CPU
		{D96FF701-38C9-4113-A162-79AA598D225C}.Release|Any CPU.Build.0 = Release|Any CPU
	EndGlobalSection
	GlobalSection(SolutionProperties) = preSolution
		HideSolutionNode = FALSE
	EndGlobalSection
	GlobalSection(ExtensibilityGlobals) = postSolution
		SolutionGuid = {EA40F123-23B6-4628-8BC5-45D0F0A672C0}
	EndGlobalSection
EndGlobal
